
Microsoft Visual Studio Solution File, Format Version 12.00
# Visual Studio 15
VisualStudioVersion = 15.0.28307.421
MinimumVisualStudioVersion = 10.0.40219.1
Project("{FAE04EC0-301F-11D3-BF4B-00C04F79EFBC}") = "web-api", "web-api\web-api.csproj", "{669502F9-0AEF-4FE2-A1D6-D0153870426B}"
EndProject
Global
	GlobalSection(SolutionConfigurationPlatforms) = preSolution
		Debug|Any CPU = Debug|Any CPU
		Release|Any CPU = Release|Any CPU
	EndGlobalSection
	GlobalSection(ProjectConfigurationPlatforms) = postSolution
		{669502F9-0AEF-4FE2-A1D6-D0153870426B}.Debug|Any CPU.ActiveCfg = Debug|Any CPU
		{669502F9-0AEF-4FE2-A1D6-D0153870426B}.Debug|Any CPU.Build.0 = Debug|Any CPU
		{669502F9-0AEF-4FE2-A1D6-D0153870426B}.Release|Any CPU.ActiveCfg = Release|Any CPU
		{669502F9-0AEF-4FE2-A1D6-D0153870426B}.Release|Any CPU.Build.0 = Release|Any CPU
	EndGlobalSection
	GlobalSection(SolutionProperties) = preSolution
		HideSolutionNode = FALSE
	EndGlobalSection
	GlobalSection(ExtensibilityGlobals) = postSolution
		SolutionGuid = {7AB7F0E7-2926-4F0F-9D16-139B7B1DD190}
	EndGlobalSection
EndGlobal
